
Microsoft Visual Studio Solution File, Format Version 12.00
# Visual Studio Version 17
VisualStudioVersion = 17.9.34902.65
MinimumVisualStudioVersion = 10.0.40219.1
Project("{FAE04EC0-301F-11D3-BF4B-00C04F79EFBC}") = "Asteroids", "Asteroids.csproj", "{8DC2AA5A-B2DB-4E4D-9DDA-FAE3C661FB23}"
EndProject
Global
	GlobalSection(SolutionConfigurationPlatforms) = preSolution
		Debug|Any CPU = Debug|Any CPU
		Release|Any CPU = Release|Any CPU
	EndGlobalSection
	GlobalSection(ProjectConfigurationPlatforms) = postSolution
		{8DC2AA5A-B2DB-4E4D-9DDA-FAE3C661FB23}.Debug|Any CPU.ActiveCfg = Debug|Any CPU
		{8DC2AA5A-B2DB-4E4D-9DDA-FAE3C661FB23}.Debug|Any CPU.Build.0 = Debug|Any CPU
		{8DC2AA5A-B2DB-4E4D-9DDA-FAE3C661FB23}.Release|Any CPU.ActiveCfg = Release|Any CPU
		{8DC2AA5A-B2DB-4E4D-9DDA-FAE3C661FB23}.Release|Any CPU.Build.0 = Release|Any CPU
	EndGlobalSection
	GlobalSection(SolutionProperties) = preSolution
		HideSolutionNode = FALSE
	EndGlobalSection
	GlobalSection(ExtensibilityGlobals) = postSolution
		SolutionGuid = {C0F88746-17CB-4B34-8B9A-2DE135904A7A}
	EndGlobalSection
EndGlobal
