
Microsoft Visual Studio Solution File, Format Version 12.00
# Visual Studio Version 17
VisualStudioVersion = 17.9.34902.65
MinimumVisualStudioVersion = 10.0.40219.1
Project("{FAE04EC0-301F-11D3-BF4B-00C04F79EFBC}") = "Raylib_Test", "Raylib_Test.csproj", "{4BCAE3A2-EA6F-4DCF-9268-16D2105087C9}"
EndProject
Global
	GlobalSection(SolutionConfigurationPlatforms) = preSolution
		Debug|Any CPU = Debug|Any CPU
		Release|Any CPU = Release|Any CPU
	EndGlobalSection
	GlobalSection(ProjectConfigurationPlatforms) = postSolution
		{4BCAE3A2-EA6F-4DCF-9268-16D2105087C9}.Debug|Any CPU.ActiveCfg = Debug|Any CPU
		{4BCAE3A2-EA6F-4DCF-9268-16D2105087C9}.Debug|Any CPU.Build.0 = Debug|Any CPU
		{4BCAE3A2-EA6F-4DCF-9268-16D2105087C9}.Release|Any CPU.ActiveCfg = Release|Any CPU
		{4BCAE3A2-EA6F-4DCF-9268-16D2105087C9}.Release|Any CPU.Build.0 = Release|Any CPU
	EndGlobalSection
	GlobalSection(SolutionProperties) = preSolution
		HideSolutionNode = FALSE
	EndGlobalSection
	GlobalSection(ExtensibilityGlobals) = postSolution
		SolutionGuid = {375CD082-C72E-498E-B241-08F57941A4C2}
	EndGlobalSection
EndGlobal
